
Microsoft Visual Studio Solution File, Format Version 12.00
# Visual Studio Version 16
VisualStudioVersion = 16.0.33027.164
MinimumVisualStudioVersion = 10.0.40219.1
Project("{9A19103F-16F7-4668-BE54-9A1E7A4F7556}") = "WorkingDataStudent", "WorkingData\WorkingDataStudent.csproj", "{9F1053D1-52B5-4151-994F-2B5FED60D2BC}"
EndProject
Project("{9A19103F-16F7-4668-BE54-9A1E7A4F7556}") = "DataClassLibrary", "DataClassLibrary\DataClassLibrary.csproj", "{D2446F87-49B8-464C-B8F4-D8C0AD4EFB1A}"
EndProject
Project("{FAE04EC0-301F-11D3-BF4B-00C04F79EFBC}") = "WorkingDataEmployee", "WorkingDataEmployee\WorkingDataEmployee.csproj", "{6CE86AA3-DF30-4A1A-8626-3E9AAA420FD9}"
EndProject
Global
	GlobalSection(SolutionConfigurationPlatforms) = preSolution
		Debug|Any CPU = Debug|Any CPU
		Release|Any CPU = Release|Any CPU
	EndGlobalSection
	GlobalSection(ProjectConfigurationPlatforms) = postSolution
		{9F1053D1-52B5-4151-994F-2B5FED60D2BC}.Debug|Any CPU.ActiveCfg = Debug|Any CPU
		{9F1053D1-52B5-4151-994F-2B5FED60D2BC}.Debug|Any CPU.Build.0 = Debug|Any CPU
		{9F1053D1-52B5-4151-994F-2B5FED60D2BC}.Release|Any CPU.ActiveCfg = Release|Any CPU
		{9F1053D1-52B5-4151-994F-2B5FED60D2BC}.Release|Any CPU.Build.0 = Release|Any CPU
		{D2446F87-49B8-464C-B8F4-D8C0AD4EFB1A}.Debug|Any CPU.ActiveCfg = Debug|Any CPU
		{D2446F87-49B8-464C-B8F4-D8C0AD4EFB1A}.Debug|Any CPU.Build.0 = Debug|Any CPU
		{D2446F87-49B8-464C-B8F4-D8C0AD4EFB1A}.Release|Any CPU.ActiveCfg = Release|Any CPU
		{D2446F87-49B8-464C-B8F4-D8C0AD4EFB1A}.Release|Any CPU.Build.0 = Release|Any CPU
		{6CE86AA3-DF30-4A1A-8626-3E9AAA420FD9}.Debug|Any CPU.ActiveCfg = Debug|Any CPU
		{6CE86AA3-DF30-4A1A-8626-3E9AAA420FD9}.Debug|Any CPU.Build.0 = Debug|Any CPU
		{6CE86AA3-DF30-4A1A-8626-3E9AAA420FD9}.Release|Any CPU.ActiveCfg = Release|Any CPU
		{6CE86AA3-DF30-4A1A-8626-3E9AAA420FD9}.Release|Any CPU.Build.0 = Release|Any CPU
	EndGlobalSection
	GlobalSection(SolutionProperties) = preSolution
		HideSolutionNode = FALSE
	EndGlobalSection
	GlobalSection(ExtensibilityGlobals) = postSolution
		SolutionGuid = {19932102-44F3-431E-8AFB-EC27D51F3E23}
	EndGlobalSection
EndGlobal
